
Microsoft Visual Studio Solution File, Format Version 12.00
# Visual Studio 15
VisualStudioVersion = 15.0.28307.705
MinimumVisualStudioVersion = 10.0.40219.1
Project("{FAE04EC0-301F-11D3-BF4B-00C04F79EFBC}") = "RamerDouglasPeuckerNetV2.Test", "RamerDouglasPeuckerNetV2.Test\RamerDouglasPeuckerNetV2.Test.csproj", "{F99C451D-B3A9-49A7-A07C-2F7FAB614A9B}"
EndProject
Project("{FAE04EC0-301F-11D3-BF4B-00C04F79EFBC}") = "RamerDouglasPeuckerNetV2", "RamerDouglasPeuckerNetV2\RamerDouglasPeuckerNetV2.csproj", "{DB4EF269-AF91-404F-938F-0925D51D3838}"
EndProject
Global
	GlobalSection(SolutionConfigurationPlatforms) = preSolution
		Debug|Any CPU = Debug|Any CPU
		Release|Any CPU = Release|Any CPU
	EndGlobalSection
	GlobalSection(ProjectConfigurationPlatforms) = postSolution
		{F99C451D-B3A9-49A7-A07C-2F7FAB614A9B}.Debug|Any CPU.ActiveCfg = Debug|Any CPU
		{F99C451D-B3A9-49A7-A07C-2F7FAB614A9B}.Debug|Any CPU.Build.0 = Debug|Any CPU
		{F99C451D-B3A9-49A7-A07C-2F7FAB614A9B}.Release|Any CPU.ActiveCfg = Release|Any CPU
		{F99C451D-B3A9-49A7-A07C-2F7FAB614A9B}.Release|Any CPU.Build.0 = Release|Any CPU
		{DB4EF269-AF91-404F-938F-0925D51D3838}.Debug|Any CPU.ActiveCfg = Debug|Any CPU
		{DB4EF269-AF91-404F-938F-0925D51D3838}.Debug|Any CPU.Build.0 = Debug|Any CPU
		{DB4EF269-AF91-404F-938F-0925D51D3838}.Release|Any CPU.ActiveCfg = Release|Any CPU
		{DB4EF269-AF91-404F-938F-0925D51D3838}.Release|Any CPU.Build.0 = Release|Any CPU
	EndGlobalSection
	GlobalSection(SolutionProperties) = preSolution
		HideSolutionNode = FALSE
	EndGlobalSection
	GlobalSection(ExtensibilityGlobals) = postSolution
		SolutionGuid = {F9DCD43E-78A2-42EE-8DDB-CD7F9859B9AD}
	EndGlobalSection
EndGlobal
